
Microsoft Visual Studio Solution File, Format Version 12.00
# Visual Studio Version 16
VisualStudioVersion = 16.0.31129.286
MinimumVisualStudioVersion = 10.0.40219.1
Project("{FAE04EC0-301F-11D3-BF4B-00C04F79EFBC}") = "TripleJP_Lending_System", "TripleJP_Lending_System\TripleJP_Lending_System.csproj", "{939E84DE-359F-496F-B252-3F33CD2FA83A}"
EndProject
Project("{FAE04EC0-301F-11D3-BF4B-00C04F79EFBC}") = "TripleJPMVPLibrary", "TripleJPMVPLibrary\TripleJPMVPLibrary.csproj", "{6459C154-96CC-4C1F-A539-B29BF6C64757}"
EndProject
Global
	GlobalSection(SolutionConfigurationPlatforms) = preSolution
		Debug|Any CPU = Debug|Any CPU
		Release|Any CPU = Release|Any CPU
	EndGlobalSection
	GlobalSection(ProjectConfigurationPlatforms) = postSolution
		{939E84DE-359F-496F-B252-3F33CD2FA83A}.Debug|Any CPU.ActiveCfg = Debug|Any CPU
		{939E84DE-359F-496F-B252-3F33CD2FA83A}.Debug|Any CPU.Build.0 = Debug|Any CPU
		{939E84DE-359F-496F-B252-3F33CD2FA83A}.Release|Any CPU.ActiveCfg = Release|Any CPU
		{939E84DE-359F-496F-B252-3F33CD2FA83A}.Release|Any CPU.Build.0 = Release|Any CPU
		{6459C154-96CC-4C1F-A539-B29BF6C64757}.Debug|Any CPU.ActiveCfg = Debug|Any CPU
		{6459C154-96CC-4C1F-A539-B29BF6C64757}.Debug|Any CPU.Build.0 = Debug|Any CPU
		{6459C154-96CC-4C1F-A539-B29BF6C64757}.Release|Any CPU.ActiveCfg = Release|Any CPU
		{6459C154-96CC-4C1F-A539-B29BF6C64757}.Release|Any CPU.Build.0 = Release|Any CPU
	EndGlobalSection
	GlobalSection(SolutionProperties) = preSolution
		HideSolutionNode = FALSE
	EndGlobalSection
	GlobalSection(ExtensibilityGlobals) = postSolution
		SolutionGuid = {08132AD8-1332-419F-AF75-4EC6D2613004}
	EndGlobalSection
EndGlobal
